{
  "name": "ast-tools",
  "version": "0.0.0",
  "lockfileVersion": 1,
  "requires": true,
  "dependencies": {
    "acorn": {
      "version": "6.2.0",
      "resolved": "https://registry.npmjs.org/acorn/-/acorn-6.2.0.tgz",
      "integrity": "sha512-8oe72N3WPMjA+2zVG71Ia0nXZ8DpQH+QyyHO+p06jT8eg8FGG3FbcUIi8KziHlAfheJQZeoqbvq1mQSQHXKYLw=="
    },
    "astring": {
      "version": "1.4.0",
      "resolved": "https://registry.npmjs.org/astring/-/astring-1.4.0.tgz",
      "integrity": "sha512-mk4x+B6yYSLp4c8jZhLtb8B6DzLRaACJI7VT69hpgZlQgUD58sKXRggPmr8h+/v5opjo+TvD6gCoSjLXB1/a/Q=="
    },
    "async-stream-generator": {
      "version": "1.0.3",
      "resolved": "https://registry.npmjs.org/async-stream-generator/-/async-stream-generator-1.0.3.tgz",
      "integrity": "sha512-8yE+ByHfrBjMjBMvBFtLzyAhe84WDYzzMbg3ilseckBy0ogrzP8PU6qeOvi1XRKa2N+/Rdsi0NB7AtlaF6kkSw=="
    }
  }
}
